
Microsoft Visual Studio Solution File, Format Version 12.00
# Visual Studio Version 17
VisualStudioVersion = 17.5.33502.453
MinimumVisualStudioVersion = 10.0.40219.1
Project("{FAE04EC0-301F-11D3-BF4B-00C04F79EFBC}") = "HotelReservationSystem", "HotelReservationSystem\HotelReservationSystem.csproj", "{BF08686C-E6F6-4542-AD9D-15833C609239}"
EndProject
Global
	GlobalSection(SolutionConfigurationPlatforms) = preSolution
		Debug|Any CPU = Debug|Any CPU
		Release|Any CPU = Release|Any CPU
	EndGlobalSection
	GlobalSection(ProjectConfigurationPlatforms) = postSolution
		{BF08686C-E6F6-4542-AD9D-15833C609239}.Debug|Any CPU.ActiveCfg = Debug|Any CPU
		{BF08686C-E6F6-4542-AD9D-15833C609239}.Debug|Any CPU.Build.0 = Debug|Any CPU
		{BF08686C-E6F6-4542-AD9D-15833C609239}.Release|Any CPU.ActiveCfg = Release|Any CPU
		{BF08686C-E6F6-4542-AD9D-15833C609239}.Release|Any CPU.Build.0 = Release|Any CPU
	EndGlobalSection
	GlobalSection(SolutionProperties) = preSolution
		HideSolutionNode = FALSE
	EndGlobalSection
	GlobalSection(ExtensibilityGlobals) = postSolution
		SolutionGuid = {ABD8D933-B767-4D32-857C-21B845D76FA1}
	EndGlobalSection
EndGlobal
